<Solution>
  <Configurations>
    <Platform Name="ARM64" />
    <Platform Name="x64" />
    <Platform Name="x86" />
  </Configurations>
  <Folder Name="/docs/">
    <File Path="README.md" />
    <File Path="docs/child-frames.md" />
    <File Path="docs/layout.md" />
    <File Path="docs/statusbar.md" />
    <File Path="docs/tabs.md" />
    <File Path="docs/titlebar.md" />
  </Folder>
  <Folder Name="/lisp/">
    <File Path="lisp/urushi.el" />
    <File Path="lisp/urushi-debug.el" />
    <File Path="lisp/urushi-frame.el" />
    <File Path="lisp/urushi-layout.el" />
    <File Path="lisp/urushi-screen.el" />
    <File Path="lisp/urushi-tabs.el" />
    <File Path="lisp/urushi-site-start.el" />
    <File Path="lisp/urushi-statusbar.el" />
    <File Path="lisp/urushi-titlebar.el" />
  </Folder>
  <Folder Name="/lisp/test/">
    <File Path="lisp/test/urushi-layout-test.el" />
    <File Path="lisp/test/urushi-statusbar-test.el" />
    <File Path="lisp/test/urushi-tabs-test.el" />
    <File Path="lisp/test/urushi-test.el" />
    <File Path="lisp/test/urushi-titlebar-test.el" />
  </Folder>
  <Project Path="core/core.vcxitems" Id="c9cbd260-ae52-5351-83af-1092905ae43f" />
  <Folder Name="/platforms/" />
  <Folder Name="/platforms/windows/">
    <Project Path="platforms/windows/package/Package.wapproj" Type="c7167f0d-bc9f-4e6e-afe1-012c56b48db5">
      <Deploy />
    </Project>
    <Project Path="platforms/windows/host/host.vcxproj" Id="3220ffce-015c-48f0-8f85-c40af85ba8c5" />
  </Folder>
  <Project Path="tests/tests.vcxproj" Id="4d8e2a91-6c3f-4b57-9e0d-1a7c5f2b8e36">
    <Build Solution="*|x86" Project="false" />
    <Build Solution="*|ARM64" Project="false" />
  </Project>
</Solution>
