<?xml version="1.0" encoding="utf-8"?>
<Project ToolsVersion="4.0" xmlns="http://schemas.microsoft.com/developer/msbuild/2003">
  <ItemGroup>
    <Filter Include="Emacs">
      <UniqueIdentifier>{cabd1df6-f2e1-5c40-a60b-31801a2ee2dd}</UniqueIdentifier>
    </Filter>
    <Filter Include="Input">
      <UniqueIdentifier>{e8febcd6-e07b-520e-8c17-4893e657fbb4}</UniqueIdentifier>
    </Filter>
    <Filter Include="Window">
      <UniqueIdentifier>{fe38a130-43d8-5131-b6e1-646d4224dcb6}</UniqueIdentifier>
    </Filter>
  </ItemGroup>
  <ItemGroup>
    <Manifest Include="app.manifest" />
  </ItemGroup>
  <ItemGroup>
    <ClInclude Include="pch.h" />
    <ClInclude Include="App.xaml.h" />
    <ClInclude Include="MainWindow.xaml.h" />
    <ClInclude Include="Input\Composition.h">
      <Filter>Input</Filter>
    </ClInclude>
    <ClInclude Include="Input\KeyTranslation.h">
      <Filter>Input</Filter>
    </ClInclude>
    <ClInclude Include="Input\MouseTranslation.h">
      <Filter>Input</Filter>
    </ClInclude>
    <ClInclude Include="Window\XamlCaptionRegions.h">
      <Filter>Window</Filter>
    </ClInclude>
    <ClInclude Include="Window\XamlFrameView.h">
      <Filter>Window</Filter>
    </ClInclude>
    <ClInclude Include="Window\XamlScreen.h">
      <Filter>Window</Filter>
    </ClInclude>
    <ClInclude Include="Window\XamlSplitter.h">
      <Filter>Window</Filter>
    </ClInclude>
    <ClInclude Include="Emacs\Emacs.h">
      <Filter>Emacs</Filter>
    </ClInclude>
    <ClInclude Include="Emacs\HostCalls.h">
      <Filter>Emacs</Filter>
    </ClInclude>
    <ClInclude Include="Emacs\EmacsHost.h">
      <Filter>Emacs</Filter>
    </ClInclude>
    <ClInclude Include="Emacs\HostApi.h">
      <Filter>Emacs</Filter>
    </ClInclude>
    <ClInclude Include="Input\KeyNames.h">
      <Filter>Input</Filter>
    </ClInclude>
    <ClInclude Include="Input\PointerMessage.h">
      <Filter>Input</Filter>
    </ClInclude>
    <ClInclude Include="..\..\..\external\emacs\libemacs\src\host.h">
      <Filter>Emacs</Filter>
    </ClInclude>
  </ItemGroup>
  <ItemGroup>
    <ApplicationDefinition Include="App.xaml" />
  </ItemGroup>
  <ItemGroup>
    <Page Include="MainWindow.xaml" />
  </ItemGroup>
  <ItemGroup>
    <ClCompile Include="pch.cpp" />
    <ClCompile Include="App.xaml.cpp" />
    <ClCompile Include="MainWindow.xaml.cpp" />
    <ClCompile Include="Input\Composition.cpp">
      <Filter>Input</Filter>
    </ClCompile>
    <ClCompile Include="Window\XamlCaptionRegions.cpp">
      <Filter>Window</Filter>
    </ClCompile>
    <ClCompile Include="Window\XamlFrameView.cpp">
      <Filter>Window</Filter>
    </ClCompile>
    <ClCompile Include="Window\XamlScreen.cpp">
      <Filter>Window</Filter>
    </ClCompile>
    <ClCompile Include="Window\XamlSplitter.cpp">
      <Filter>Window</Filter>
    </ClCompile>
    <ClCompile Include="Emacs\Emacs.cpp">
      <Filter>Emacs</Filter>
    </ClCompile>
    <ClCompile Include="Emacs\HostCalls.cpp">
      <Filter>Emacs</Filter>
    </ClCompile>
    <ClCompile Include="Emacs\EmacsHost.cpp">
      <Filter>Emacs</Filter>
    </ClCompile>
    <ClCompile Include="Emacs\HostApi.cpp">
      <Filter>Emacs</Filter>
    </ClCompile>
    <ClCompile Include="$(GeneratedFilesDir)module.g.cpp" />
  </ItemGroup>
  <ItemGroup>
    <Midl Include="MainWindow.idl" />
  </ItemGroup>
  <ItemGroup>
    <None Include="packages.config" />
  </ItemGroup>
</Project>
