<?xml version="1.0" encoding="utf-8"?>
<Project ToolsVersion="4.0" xmlns="http://schemas.microsoft.com/developer/msbuild/2003">
  <ItemGroup>
    <Filter Include="Input">
      <UniqueIdentifier>{fedfd4f7-ea78-5b7a-a053-f2e3bfd9f2e6}</UniqueIdentifier>
    </Filter>
    <Filter Include="Text">
      <UniqueIdentifier>{7240c87d-7b0d-5a72-a1dd-cae53e0bb23b}</UniqueIdentifier>
    </Filter>
    <Filter Include="Window">
      <UniqueIdentifier>{5d188ea5-d6aa-5962-901a-b1a2063a703a}</UniqueIdentifier>
    </Filter>
  </ItemGroup>
  <ItemGroup>
    <ClInclude Include="$(MSBuildThisFileDirectory)Input\Activation.h">
      <Filter>Input</Filter>
    </ClInclude>
    <ClInclude Include="$(MSBuildThisFileDirectory)Input\Engagement.h">
      <Filter>Input</Filter>
    </ClInclude>
    <ClInclude Include="$(MSBuildThisFileDirectory)Input\ImeBuffer.h">
      <Filter>Input</Filter>
    </ClInclude>
    <ClInclude Include="$(MSBuildThisFileDirectory)Input\KeyInput.h">
      <Filter>Input</Filter>
    </ClInclude>
    <ClInclude Include="$(MSBuildThisFileDirectory)Input\Keyboard.h">
      <Filter>Input</Filter>
    </ClInclude>
    <ClInclude Include="$(MSBuildThisFileDirectory)Input\Pointer.h">
      <Filter>Input</Filter>
    </ClInclude>
    <ClInclude Include="$(MSBuildThisFileDirectory)Text\Utf.h">
      <Filter>Text</Filter>
    </ClInclude>
    <ClInclude Include="$(MSBuildThisFileDirectory)Window\CaptionRegions.h">
      <Filter>Window</Filter>
    </ClInclude>
    <ClInclude Include="$(MSBuildThisFileDirectory)Window\FrameSizes.h">
      <Filter>Window</Filter>
    </ClInclude>
    <ClInclude Include="$(MSBuildThisFileDirectory)Window\FrameView.h">
      <Filter>Window</Filter>
    </ClInclude>
    <ClInclude Include="$(MSBuildThisFileDirectory)Window\Rows.h">
      <Filter>Window</Filter>
    </ClInclude>
    <ClInclude Include="$(MSBuildThisFileDirectory)Window\Splitter.h">
      <Filter>Window</Filter>
    </ClInclude>
  </ItemGroup>
</Project>
